
Microsoft Visual Studio Solution File, Format Version 12.00
# Visual Studio 2012
Project("{FAE04EC0-301F-11D3-BF4B-00C04F79EFBC}") = "XFFilter", "XFFilter\XFFilter.csproj", "{CEC405C8-2C9D-418F-9EE3-C0E2152D60B7}"
EndProject
Project("{FAE04EC0-301F-11D3-BF4B-00C04F79EFBC}") = "XFFilter.iOS", "iOS\XFFilter.iOS.csproj", "{C4202DC9-EE7E-43D2-B76F-DDE4E908F5A3}"
EndProject
Project("{FAE04EC0-301F-11D3-BF4B-00C04F79EFBC}") = "XFFilter.Droid", "Droid\XFFilter.Droid.csproj", "{4C93CC86-AD8E-4C8E-A765-24521E72DDD6}"
EndProject
Project("{FAE04EC0-301F-11D3-BF4B-00C04F79EFBC}") = "XFFilter.UITests", "UITests\XFFilter.UITests.csproj", "{655F2073-382E-4BDF-817B-9CFD929EBCE9}"
EndProject
Global
	GlobalSection(SolutionConfigurationPlatforms) = preSolution
		Debug|Any CPU = Debug|Any CPU
		Release|Any CPU = Release|Any CPU
		Debug|iPhoneSimulator = Debug|iPhoneSimulator
		Release|iPhone = Release|iPhone
		Release|iPhoneSimulator = Release|iPhoneSimulator
		Debug|iPhone = Debug|iPhone
	EndGlobalSection
	GlobalSection(ProjectConfigurationPlatforms) = postSolution
		{CEC405C8-2C9D-418F-9EE3-C0E2152D60B7}.Debug|Any CPU.ActiveCfg = Debug|Any CPU
		{CEC405C8-2C9D-418F-9EE3-C0E2152D60B7}.Debug|Any CPU.Build.0 = Debug|Any CPU
		{CEC405C8-2C9D-418F-9EE3-C0E2152D60B7}.Release|Any CPU.ActiveCfg = Release|Any CPU
		{CEC405C8-2C9D-418F-9EE3-C0E2152D60B7}.Release|Any CPU.Build.0 = Release|Any CPU
		{CEC405C8-2C9D-418F-9EE3-C0E2152D60B7}.Debug|iPhoneSimulator.ActiveCfg = Debug|Any CPU
		{CEC405C8-2C9D-418F-9EE3-C0E2152D60B7}.Debug|iPhoneSimulator.Build.0 = Debug|Any CPU
		{CEC405C8-2C9D-418F-9EE3-C0E2152D60B7}.Release|iPhone.ActiveCfg = Release|Any CPU
		{CEC405C8-2C9D-418F-9EE3-C0E2152D60B7}.Release|iPhone.Build.0 = Release|Any CPU
		{CEC405C8-2C9D-418F-9EE3-C0E2152D60B7}.Release|iPhoneSimulator.ActiveCfg = Release|Any CPU
		{CEC405C8-2C9D-418F-9EE3-C0E2152D60B7}.Release|iPhoneSimulator.Build.0 = Release|Any CPU
		{CEC405C8-2C9D-418F-9EE3-C0E2152D60B7}.Debug|iPhone.ActiveCfg = Debug|Any CPU
		{CEC405C8-2C9D-418F-9EE3-C0E2152D60B7}.Debug|iPhone.Build.0 = Debug|Any CPU
		{C4202DC9-EE7E-43D2-B76F-DDE4E908F5A3}.Debug|Any CPU.ActiveCfg = Debug|iPhoneSimulator
		{C4202DC9-EE7E-43D2-B76F-DDE4E908F5A3}.Debug|Any CPU.Build.0 = Debug|iPhoneSimulator
		{C4202DC9-EE7E-43D2-B76F-DDE4E908F5A3}.Release|Any CPU.ActiveCfg = Release|iPhone
		{C4202DC9-EE7E-43D2-B76F-DDE4E908F5A3}.Release|Any CPU.Build.0 = Release|iPhone
		{C4202DC9-EE7E-43D2-B76F-DDE4E908F5A3}.Debug|iPhoneSimulator.ActiveCfg = Debug|iPhoneSimulator
		{C4202DC9-EE7E-43D2-B76F-DDE4E908F5A3}.Debug|iPhoneSimulator.Build.0 = Debug|iPhoneSimulator
		{C4202DC9-EE7E-43D2-B76F-DDE4E908F5A3}.Release|iPhone.ActiveCfg = Release|iPhone
		{C4202DC9-EE7E-43D2-B76F-DDE4E908F5A3}.Release|iPhone.Build.0 = Release|iPhone
		{C4202DC9-EE7E-43D2-B76F-DDE4E908F5A3}.Release|iPhoneSimulator.ActiveCfg = Release|iPhoneSimulator
		{C4202DC9-EE7E-43D2-B76F-DDE4E908F5A3}.Release|iPhoneSimulator.Build.0 = Release|iPhoneSimulator
		{C4202DC9-EE7E-43D2-B76F-DDE4E908F5A3}.Debug|iPhone.ActiveCfg = Debug|iPhone
		{C4202DC9-EE7E-43D2-B76F-DDE4E908F5A3}.Debug|iPhone.Build.0 = Debug|iPhone
		{4C93CC86-AD8E-4C8E-A765-24521E72DDD6}.Debug|Any CPU.ActiveCfg = Debug|Any CPU
		{4C93CC86-AD8E-4C8E-A765-24521E72DDD6}.Debug|Any CPU.Build.0 = Debug|Any CPU
		{4C93CC86-AD8E-4C8E-A765-24521E72DDD6}.Release|Any CPU.ActiveCfg = Release|Any CPU
		{4C93CC86-AD8E-4C8E-A765-24521E72DDD6}.Release|Any CPU.Build.0 = Release|Any CPU
		{4C93CC86-AD8E-4C8E-A765-24521E72DDD6}.Debug|iPhoneSimulator.ActiveCfg = Debug|Any CPU
		{4C93CC86-AD8E-4C8E-A765-24521E72DDD6}.Debug|iPhoneSimulator.Build.0 = Debug|Any CPU
		{4C93CC86-AD8E-4C8E-A765-24521E72DDD6}.Release|iPhone.ActiveCfg = Release|Any CPU
		{4C93CC86-AD8E-4C8E-A765-24521E72DDD6}.Release|iPhone.Build.0 = Release|Any CPU
		{4C93CC86-AD8E-4C8E-A765-24521E72DDD6}.Release|iPhoneSimulator.ActiveCfg = Release|Any CPU
		{4C93CC86-AD8E-4C8E-A765-24521E72DDD6}.Release|iPhoneSimulator.Build.0 = Release|Any CPU
		{4C93CC86-AD8E-4C8E-A765-24521E72DDD6}.Debug|iPhone.ActiveCfg = Debug|Any CPU
		{4C93CC86-AD8E-4C8E-A765-24521E72DDD6}.Debug|iPhone.Build.0 = Debug|Any CPU
		{655F2073-382E-4BDF-817B-9CFD929EBCE9}.Debug|Any CPU.ActiveCfg = Debug|Any CPU
		{655F2073-382E-4BDF-817B-9CFD929EBCE9}.Debug|Any CPU.Build.0 = Debug|Any CPU
		{655F2073-382E-4BDF-817B-9CFD929EBCE9}.Release|Any CPU.ActiveCfg = Release|Any CPU
		{655F2073-382E-4BDF-817B-9CFD929EBCE9}.Release|Any CPU.Build.0 = Release|Any CPU
		{655F2073-382E-4BDF-817B-9CFD929EBCE9}.Debug|iPhoneSimulator.ActiveCfg = Debug|Any CPU
		{655F2073-382E-4BDF-817B-9CFD929EBCE9}.Debug|iPhoneSimulator.Build.0 = Debug|Any CPU
		{655F2073-382E-4BDF-817B-9CFD929EBCE9}.Release|iPhone.ActiveCfg = Release|Any CPU
		{655F2073-382E-4BDF-817B-9CFD929EBCE9}.Release|iPhone.Build.0 = Release|Any CPU
		{655F2073-382E-4BDF-817B-9CFD929EBCE9}.Release|iPhoneSimulator.ActiveCfg = Release|Any CPU
		{655F2073-382E-4BDF-817B-9CFD929EBCE9}.Release|iPhoneSimulator.Build.0 = Release|Any CPU
		{655F2073-382E-4BDF-817B-9CFD929EBCE9}.Debug|iPhone.ActiveCfg = Debug|Any CPU
		{655F2073-382E-4BDF-817B-9CFD929EBCE9}.Debug|iPhone.Build.0 = Debug|Any CPU
	EndGlobalSection
EndGlobal
